// !$*UTF8*$!
{
	archiveVersion = 1;
	classes = {
	};
	objectVersion = 77;
	objects = {

/* Begin PBXBuildFile section */
		B9D5B5872CAC446300C1AAB7 /* Dependencies in Frameworks */ = {isa = PBXBuildFile; productRef = B9D5B5862CAC446300C1AAB7 /* Dependencies */; };
		B9D5B58A2CAC448600C1AAB7 /* FirebaseFirestore in Frameworks */ = {isa = PBXBuildFile; productRef = B9D5B5892CAC448600C1AAB7 /* FirebaseFirestore */; };
		B9D6AB6D2CAB027C00859087 /* SwiftNavigation in Frameworks */ = {isa = PBXBuildFile; productRef = B9D6AB6C2CAB027C00859087 /* SwiftNavigation */; };
		B9D6AB6F2CAB027C00859087 /* SwiftUINavigation in Frameworks */ = {isa = PBXBuildFile; productRef = B9D6AB6E2CAB027C00859087 /* SwiftUINavigation */; };
/* End PBXBuildFile section */

/* Begin PBXContainerItemProxy section */
		B9D6AB322CAAD75900859087 /* PBXContainerItemProxy */ = {
			isa = PBXContainerItemProxy;
			containerPortal = B9D6AB172CAAD75700859087 /* Project object */;
			proxyType = 1;
			remoteGlobalIDString = B9D6AB1E2CAAD75700859087;
			remoteInfo = SportTrack;
		};
		B9D6AB3C2CAAD75900859087 /* PBXContainerItemProxy */ = {
			isa = PBXContainerItemProxy;
			containerPortal = B9D6AB172CAAD75700859087 /* Project object */;
			proxyType = 1;
			remoteGlobalIDString = B9D6AB1E2CAAD75700859087;
			remoteInfo = SportTrack;
		};
/* End PBXContainerItemProxy section */

/* Begin PBXFileReference section */
		B9D6AB1F2CAAD75700859087 /* SportTrack.app */ = {isa = PBXFileReference; explicitFileType = wrapper.application; includeInIndex = 0; path = SportTrack.app; sourceTree = BUILT_PRODUCTS_DIR; };
		B9D6AB312CAAD75900859087 /* SportTrackTests.xctest */ = {isa = PBXFileReference; explicitFileType = wrapper.cfbundle; includeInIndex = 0; path = SportTrackTests.xctest; sourceTree = BUILT_PRODUCTS_DIR; };
		B9D6AB3B2CAAD75900859087 /* SportTrackUITests.xctest */ = {isa = PBXFileReference; explicitFileType = wrapper.cfbundle; includeInIndex = 0; path = SportTrackUITests.xctest; sourceTree = BUILT_PRODUCTS_DIR; };
/* End PBXFileReference section */

/* Begin PBXFileSystemSynchronizedRootGroup section */
		B9D6AB212CAAD75700859087 /* SportTrack */ = {
			isa = PBXFileSystemSynchronizedRootGroup;
			path = SportTrack;
			sourceTree = "<group>";
		};
		B9D6AB342CAAD75900859087 /* SportTrackTests */ = {
			isa = PBXFileSystemSynchronizedRootGroup;
			path = SportTrackTests;
			sourceTree = "<group>";
		};
		B9D6AB3E2CAAD75900859087 /* SportTrackUITests */ = {
			isa = PBXFileSystemSynchronizedRootGroup;
			path = SportTrackUITests;
			sourceTree = "<group>";
		};
/* End PBXFileSystemSynchronizedRootGroup section */

/* Begin PBXFrameworksBuildPhase section */
		B9D6AB1C2CAAD75700859087 /* Frameworks */ = {
			isa = PBXFrameworksBuildPhase;
			buildActionMask = 2147483647;
			files = (
				B9D5B5872CAC446300C1AAB7 /* Dependencies in Frameworks */,
				B9D5B58A2CAC448600C1AAB7 /* FirebaseFirestore in Frameworks */,
				B9D6AB6F2CAB027C00859087 /* SwiftUINavigation in Frameworks */,
				B9D6AB6D2CAB027C00859087 /* SwiftNavigation in Frameworks */,
			);
			runOnlyForDeploymentPostprocessing = 0;
		};
		B9D6AB2E2CAAD75900859087 /* Frameworks */ = {
			isa = PBXFrameworksBuildPhase;
			buildActionMask = 2147483647;
			files = (
			);
			runOnlyForDeploymentPostprocessing = 0;
		};
		B9D6AB382CAAD75900859087 /* Frameworks */ = {
			isa = PBXFrameworksBuildPhase;
			buildActionMask = 2147483647;
			files = (
			);
			runOnlyForDeploymentPostprocessing = 0;
		};
/* End PBXFrameworksBuildPhase section */

/* Begin PBXGroup section */
		B9D6AB162CAAD75700859087 = {
			isa = PBXGroup;
			children = (
				B9D6AB212CAAD75700859087 /* SportTrack */,
				B9D6AB342CAAD75900859087 /* SportTrackTests */,
				B9D6AB3E2CAAD75900859087 /* SportTrackUITests */,
				B9D6AB202CAAD75700859087 /* Products */,
			);
			sourceTree = "<group>";
		};
		B9D6AB202CAAD75700859087 /* Products */ = {
			isa = PBXGroup;
			children = (
				B9D6AB1F2CAAD75700859087 /* SportTrack.app */,
				B9D6AB312CAAD75900859087 /* SportTrackTests.xctest */,
				B9D6AB3B2CAAD75900859087 /* SportTrackUITests.xctest */,
			);
			name = Products;
			sourceTree = "<group>";
		};
/* End PBXGroup section */

/* Begin PBXNativeTarget section */
		B9D6AB1E2CAAD75700859087 /* SportTrack */ = {
			isa = PBXNativeTarget;
			buildConfigurationList = B9D6AB452CAAD75900859087 /* Build configuration list for PBXNativeTarget "SportTrack" */;
			buildPhases = (
				B9D6AB1B2CAAD75700859087 /* Sources */,
				B9D6AB1C2CAAD75700859087 /* Frameworks */,
				B9D6AB1D2CAAD75700859087 /* Resources */,
			);
			buildRules = (
			);
			dependencies = (
			);
			fileSystemSynchronizedGroups = (
				B9D6AB212CAAD75700859087 /* SportTrack */,
			);
			name = SportTrack;
			packageProductDependencies = (
				B9D6AB6C2CAB027C00859087 /* SwiftNavigation */,
				B9D6AB6E2CAB027C00859087 /* SwiftUINavigation */,
				B9D5B5862CAC446300C1AAB7 /* Dependencies */,
				B9D5B5892CAC448600C1AAB7 /* FirebaseFirestore */,
			);
			productName = SportTrack;
			productReference = B9D6AB1F2CAAD75700859087 /* SportTrack.app */;
			productType = "com.apple.product-type.application";
		};
		B9D6AB302CAAD75900859087 /* SportTrackTests */ = {
			isa = PBXNativeTarget;
			buildConfigurationList = B9D6AB482CAAD75900859087 /* Build configuration list for PBXNativeTarget "SportTrackTests" */;
			buildPhases = (
				B9D6AB2D2CAAD75900859087 /* Sources */,
				B9D6AB2E2CAAD75900859087 /* Frameworks */,
				B9D6AB2F2CAAD75900859087 /* Resources */,
			);
			buildRules = (
			);
			dependencies = (
				B9D6AB332CAAD75900859087 /* PBXTargetDependency */,
			);
			fileSystemSynchronizedGroups = (
				B9D6AB342CAAD75900859087 /* SportTrackTests */,
			);
			name = SportTrackTests;
			packageProductDependencies = (
			);
			productName = SportTrackTests;
			productReference = B9D6AB312CAAD75900859087 /* SportTrackTests.xctest */;
			productType = "com.apple.product-type.bundle.unit-test";
		};
		B9D6AB3A2CAAD75900859087 /* SportTrackUITests */ = {
			isa = PBXNativeTarget;
			buildConfigurationList = B9D6AB4B2CAAD75900859087 /* Build configuration list for PBXNativeTarget "SportTrackUITests" */;
			buildPhases = (
				B9D6AB372CAAD75900859087 /* Sources */,
				B9D6AB382CAAD75900859087 /* Frameworks */,
				B9D6AB392CAAD75900859087 /* Resources */,
			);
			buildRules = (
			);
			dependencies = (
				B9D6AB3D2CAAD75900859087 /* PBXTargetDependency */,
			);
			fileSystemSynchronizedGroups = (
				B9D6AB3E2CAAD75900859087 /* SportTrackUITests */,
			);
			name = SportTrackUITests;
			packageProductDependencies = (
			);
			productName = SportTrackUITests;
			productReference = B9D6AB3B2CAAD75900859087 /* SportTrackUITests.xctest */;
			productType = "com.apple.product-type.bundle.ui-testing";
		};
/* End PBXNativeTarget section */

/* Begin PBXProject section */
		B9D6AB172CAAD75700859087 /* Project object */ = {
			isa = PBXProject;
			attributes = {
				BuildIndependentTargetsInParallel = 1;
				LastSwiftUpdateCheck = 1600;
				LastUpgradeCheck = 1600;
				TargetAttributes = {
					B9D6AB1E2CAAD75700859087 = {
						CreatedOnToolsVersion = 16.0;
					};
					B9D6AB302CAAD75900859087 = {
						CreatedOnToolsVersion = 16.0;
						TestTargetID = B9D6AB1E2CAAD75700859087;
					};
					B9D6AB3A2CAAD75900859087 = {
						CreatedOnToolsVersion = 16.0;
						TestTargetID = B9D6AB1E2CAAD75700859087;
					};
				};
			};
			buildConfigurationList = B9D6AB1A2CAAD75700859087 /* Build configuration list for PBXProject "SportTrack" */;
			developmentRegion = en;
			hasScannedForEncodings = 0;
			knownRegions = (
				en,
				Base,
			);
			mainGroup = B9D6AB162CAAD75700859087;
			minimizedProjectReferenceProxies = 1;
			packageReferences = (
				B9D6AB6B2CAB027C00859087 /* XCRemoteSwiftPackageReference "swift-navigation" */,
				B9D5B5852CAC446300C1AAB7 /* XCRemoteSwiftPackageReference "swift-dependencies" */,
				B9D5B5882CAC448600C1AAB7 /* XCRemoteSwiftPackageReference "firebase-ios-sdk" */,
			);
			preferredProjectObjectVersion = 77;
			productRefGroup = B9D6AB202CAAD75700859087 /* Products */;
			projectDirPath = "";
			projectRoot = "";
			targets = (
				B9D6AB1E2CAAD75700859087 /* SportTrack */,
				B9D6AB302CAAD75900859087 /* SportTrackTests */,
				B9D6AB3A2CAAD75900859087 /* SportTrackUITests */,
			);
		};
/* End PBXProject section */

/* Begin PBXResourcesBuildPhase section */
		B9D6AB1D2CAAD75700859087 /* Resources */ = {
			isa = PBXResourcesBuildPhase;
			buildActionMask = 2147483647;
			files = (
			);
			runOnlyForDeploymentPostprocessing = 0;
		};
		B9D6AB2F2CAAD75900859087 /* Resources */ = {
			isa = PBXResourcesBuildPhase;
			buildActionMask = 2147483647;
			files = (
			);
			runOnlyForDeploymentPostprocessing = 0;
		};
		B9D6AB392CAAD75900859087 /* Resources */ = {
			isa = PBXResourcesBuildPhase;
			buildActionMask = 2147483647;
			files = (
			);
			runOnlyForDeploymentPostprocessing = 0;
		};
/* End PBXResourcesBuildPhase section */

/* Begin PBXSourcesBuildPhase section */
		B9D6AB1B2CAAD75700859087 /* Sources */ = {
			isa = PBXSourcesBuildPhase;
			buildActionMask = 2147483647;
			files = (
			);
			runOnlyForDeploymentPostprocessing = 0;
		};
		B9D6AB2D2CAAD75900859087 /* Sources */ = {
			isa = PBXSourcesBuildPhase;
			buildActionMask = 2147483647;
			files = (
			);
			runOnlyForDeploymentPostprocessing = 0;
		};
		B9D6AB372CAAD75900859087 /* Sources */ = {
			isa = PBXSourcesBuildPhase;
			buildActionMask = 2147483647;
			files = (
			);
			runOnlyForDeploymentPostprocessing = 0;
		};
/* End PBXSourcesBuildPhase section */

/* Begin PBXTargetDependency section */
		B9D6AB332CAAD75900859087 /* PBXTargetDependency */ = {
			isa = PBXTargetDependency;
			target = B9D6AB1E2CAAD75700859087 /* SportTrack */;
			targetProxy = B9D6AB322CAAD75900859087 /* PBXContainerItemProxy */;
		};
		B9D6AB3D2CAAD75900859087 /* PBXTargetDependency */ = {
			isa = PBXTargetDependency;
			target = B9D6AB1E2CAAD75700859087 /* SportTrack */;
			targetProxy = B9D6AB3C2CAAD75900859087 /* PBXContainerItemProxy */;
		};
/* End PBXTargetDependency section */

/* Begin XCBuildConfiguration section */
		B9D6AB432CAAD75900859087 /* Debug */ = {
			isa = XCBuildConfiguration;
			buildSettings = {
				ALWAYS_SEARCH_USER_PATHS = NO;
				ASSETCATALOG_COMPILER_GENERATE_SWIFT_ASSET_SYMBOL_EXTENSIONS = YES;
				CLANG_ANALYZER_NONNULL = YES;
				CLANG_ANALYZER_NUMBER_OBJECT_CONVERSION = YES_AGGRESSIVE;
				CLANG_CXX_LANGUAGE_STANDARD = "gnu++20";
				CLANG_ENABLE_MODULES = YES;
				CLANG_ENABLE_OBJC_ARC = YES;
				CLANG_ENABLE_OBJC_WEAK = YES;
				CLANG_WARN_BLOCK_CAPTURE_AUTORELEASING = YES;
				CLANG_WARN_BOOL_CONVERSION = YES;
				CLANG_WARN_COMMA = YES;
				CLANG_WARN_CONSTANT_CONVERSION = YES;
				CLANG_WARN_DEPRECATED_OBJC_IMPLEMENTATIONS = YES;
				CLANG_WARN_DIRECT_OBJC_ISA_USAGE = YES_ERROR;
				CLANG_WARN_DOCUMENTATION_COMMENTS = YES;
				CLANG_WARN_EMPTY_BODY = YES;
				CLANG_WARN_ENUM_CONVERSION = YES;
				CLANG_WARN_INFINITE_RECURSION = YES;
				CLANG_WARN_INT_CONVERSION = YES;
				CLANG_WARN_NON_LITERAL_NULL_CONVERSION = YES;
				CLANG_WARN_OBJC_IMPLICIT_RETAIN_SELF = YES;
				CLANG_WARN_OBJC_LITERAL_CONVERSION = YES;
				CLANG_WARN_OBJC_ROOT_CLASS = YES_ERROR;
				CLANG_WARN_QUOTED_INCLUDE_IN_FRAMEWORK_HEADER = YES;
				CLANG_WARN_RANGE_LOOP_ANALYSIS = YES;
				CLANG_WARN_STRICT_PROTOTYPES = YES;
				CLANG_WARN_SUSPICIOUS_MOVE = YES;
				CLANG_WARN_UNGUARDED_AVAILABILITY = YES_AGGRESSIVE;
				CLANG_WARN_UNREACHABLE_CODE = YES;
				CLANG_WARN__DUPLICATE_METHOD_MATCH = YES;
				COPY_PHASE_STRIP = NO;
				DEBUG_INFORMATION_FORMAT = dwarf;
				ENABLE_STRICT_OBJC_MSGSEND = YES;
				ENABLE_TESTABILITY = YES;
				ENABLE_USER_SCRIPT_SANDBOXING = YES;
				GCC_C_LANGUAGE_STANDARD = gnu17;
				GCC_DYNAMIC_NO_PIC = NO;
				GCC_NO_COMMON_BLOCKS = YES;
				GCC_OPTIMIZATION_LEVEL = 0;
				GCC_PREPROCESSOR_DEFINITIONS = (
					"DEBUG=1",
					"$(inherited)",
				);
				GCC_WARN_64_TO_32_BIT_CONVERSION = YES;
				GCC_WARN_ABOUT_RETURN_TYPE = YES_ERROR;
				GCC_WARN_UNDECLARED_SELECTOR = YES;
				GCC_WARN_UNINITIALIZED_AUTOS = YES_AGGRESSIVE;
				GCC_WARN_UNUSED_FUNCTION = YES;
				GCC_WARN_UNUSED_VARIABLE = YES;
				IPHONEOS_DEPLOYMENT_TARGET = 18.0;
				LOCALIZATION_PREFERS_STRING_CATALOGS = YES;
				MTL_ENABLE_DEBUG_INFO = INCLUDE_SOURCE;
				MTL_FAST_MATH = YES;
				ONLY_ACTIVE_ARCH = YES;
				SDKROOT = iphoneos;
				SWIFT_ACTIVE_COMPILATION_CONDITIONS = "DEBUG $(inherited)";
				SWIFT_OPTIMIZATION_LEVEL = "-Onone";
			};
			name = Debug;
		};
		B9D6AB442CAAD75900859087 /* Release */ = {
			isa = XCBuildConfiguration;
			buildSettings = {
				ALWAYS_SEARCH_USER_PATHS = NO;
				ASSETCATALOG_COMPILER_GENERATE_SWIFT_ASSET_SYMBOL_EXTENSIONS = YES;
				CLANG_ANALYZER_NONNULL = YES;
				CLANG_ANALYZER_NUMBER_OBJECT_CONVERSION = YES_AGGRESSIVE;
				CLANG_CXX_LANGUAGE_STANDARD = "gnu++20";
				CLANG_ENABLE_MODULES = YES;
				CLANG_ENABLE_OBJC_ARC = YES;
				CLANG_ENABLE_OBJC_WEAK = YES;
				CLANG_WARN_BLOCK_CAPTURE_AUTORELEASING = YES;
				CLANG_WARN_BOOL_CONVERSION = YES;
				CLANG_WARN_COMMA = YES;
				CLANG_WARN_CONSTANT_CONVERSION = YES;
				CLANG_WARN_DEPRECATED_OBJC_IMPLEMENTATIONS = YES;
				CLANG_WARN_DIRECT_OBJC_ISA_USAGE = YES_ERROR;
				CLANG_WARN_DOCUMENTATION_COMMENTS = YES;
				CLANG_WARN_EMPTY_BODY = YES;
				CLANG_WARN_ENUM_CONVERSION = YES;
				CLANG_WARN_INFINITE_RECURSION = YES;
				CLANG_WARN_INT_CONVERSION = YES;
				CLANG_WARN_NON_LITERAL_NULL_CONVERSION = YES;
				CLANG_WARN_OBJC_IMPLICIT_RETAIN_SELF = YES;
				CLANG_WARN_OBJC_LITERAL_CONVERSION = YES;
				CLANG_WARN_OBJC_ROOT_CLASS = YES_ERROR;
				CLANG_WARN_QUOTED_INCLUDE_IN_FRAMEWORK_HEADER = YES;
				CLANG_WARN_RANGE_LOOP_ANALYSIS = YES;
				CLANG_WARN_STRICT_PROTOTYPES = YES;
				CLANG_WARN_SUSPICIOUS_MOVE = YES;
				CLANG_WARN_UNGUARDED_AVAILABILITY = YES_AGGRESSIVE;
				CLANG_WARN_UNREACHABLE_CODE = YES;
				CLANG_WARN__DUPLICATE_METHOD_MATCH = YES;
				COPY_PHASE_STRIP = NO;
				DEBUG_INFORMATION_FORMAT = "dwarf-with-dsym";
				ENABLE_NS_ASSERTIONS = NO;
				ENABLE_STRICT_OBJC_MSGSEND = YES;
				ENABLE_USER_SCRIPT_SANDBOXING = YES;
				GCC_C_LANGUAGE_STANDARD = gnu17;
				GCC_NO_COMMON_BLOCKS = YES;
				GCC_WARN_64_TO_32_BIT_CONVERSION = YES;
				GCC_WARN_ABOUT_RETURN_TYPE = YES_ERROR;
				GCC_WARN_UNDECLARED_SELECTOR = YES;
				GCC_WARN_UNINITIALIZED_AUTOS = YES_AGGRESSIVE;
				GCC_WARN_UNUSED_FUNCTION = YES;
				GCC_WARN_UNUSED_VARIABLE = YES;
				IPHONEOS_DEPLOYMENT_TARGET = 18.0;
				LOCALIZATION_PREFERS_STRING_CATALOGS = YES;
				MTL_ENABLE_DEBUG_INFO = NO;
				MTL_FAST_MATH = YES;
				SDKROOT = iphoneos;
				SWIFT_COMPILATION_MODE = wholemodule;
				VALIDATE_PRODUCT = YES;
			};
			name = Release;
		};
		B9D6AB462CAAD75900859087 /* Debug */ = {
			isa = XCBuildConfiguration;
			buildSettings = {
				ASSETCATALOG_COMPILER_APPICON_NAME = AppIcon;
				ASSETCATALOG_COMPILER_GLOBAL_ACCENT_COLOR_NAME = AccentColor;
				CODE_SIGN_STYLE = Automatic;
				CURRENT_PROJECT_VERSION = 1;
				DEVELOPMENT_ASSET_PATHS = "\"SportTrack/Preview Content\"";
				DEVELOPMENT_TEAM = 8ZKGWK9RWB;
				ENABLE_PREVIEWS = YES;
				GENERATE_INFOPLIST_FILE = YES;
				INFOPLIST_KEY_UIApplicationSceneManifest_Generation = YES;
				INFOPLIST_KEY_UIApplicationSupportsIndirectInputEvents = YES;
				INFOPLIST_KEY_UILaunchScreen_Generation = YES;
				INFOPLIST_KEY_UISupportedInterfaceOrientations_iPad = "UIInterfaceOrientationPortrait UIInterfaceOrientationPortraitUpsideDown UIInterfaceOrientationLandscapeLeft UIInterfaceOrientationLandscapeRight";
				INFOPLIST_KEY_UISupportedInterfaceOrientations_iPhone = "UIInterfaceOrientationPortrait UIInterfaceOrientationLandscapeLeft UIInterfaceOrientationLandscapeRight";
				LD_RUNPATH_SEARCH_PATHS = (
					"$(inherited)",
					"@executable_path/Frameworks",
				);
				MARKETING_VERSION = 1.0;
				PRODUCT_BUNDLE_IDENTIFIER = com.tomasbabulak.SportTrack;
				PRODUCT_NAME = "$(TARGET_NAME)";
				SWIFT_EMIT_LOC_STRINGS = YES;
				SWIFT_VERSION = 5.0;
				TARGETED_DEVICE_FAMILY = "1,2";
			};
			name = Debug;
		};
		B9D6AB472CAAD75900859087 /* Release */ = {
			isa = XCBuildConfiguration;
			buildSettings = {
				ASSETCATALOG_COMPILER_APPICON_NAME = AppIcon;
				ASSETCATALOG_COMPILER_GLOBAL_ACCENT_COLOR_NAME = AccentColor;
				CODE_SIGN_STYLE = Automatic;
				CURRENT_PROJECT_VERSION = 1;
				DEVELOPMENT_ASSET_PATHS = "\"SportTrack/Preview Content\"";
				DEVELOPMENT_TEAM = 8ZKGWK9RWB;
				ENABLE_PREVIEWS = YES;
				GENERATE_INFOPLIST_FILE = YES;
				INFOPLIST_KEY_UIApplicationSceneManifest_Generation = YES;
				INFOPLIST_KEY_UIApplicationSupportsIndirectInputEvents = YES;
				INFOPLIST_KEY_UILaunchScreen_Generation = YES;
				INFOPLIST_KEY_UISupportedInterfaceOrientations_iPad = "UIInterfaceOrientationPortrait UIInterfaceOrientationPortraitUpsideDown UIInterfaceOrientationLandscapeLeft UIInterfaceOrientationLandscapeRight";
				INFOPLIST_KEY_UISupportedInterfaceOrientations_iPhone = "UIInterfaceOrientationPortrait UIInterfaceOrientationLandscapeLeft UIInterfaceOrientationLandscapeRight";
				LD_RUNPATH_SEARCH_PATHS = (
					"$(inherited)",
					"@executable_path/Frameworks",
				);
				MARKETING_VERSION = 1.0;
				PRODUCT_BUNDLE_IDENTIFIER = com.tomasbabulak.SportTrack;
				PRODUCT_NAME = "$(TARGET_NAME)";
				SWIFT_EMIT_LOC_STRINGS = YES;
				SWIFT_VERSION = 5.0;
				TARGETED_DEVICE_FAMILY = "1,2";
			};
			name = Release;
		};
		B9D6AB492CAAD75900859087 /* Debug */ = {
			isa = XCBuildConfiguration;
			buildSettings = {
				BUNDLE_LOADER = "$(TEST_HOST)";
				CODE_SIGN_STYLE = Automatic;
				CURRENT_PROJECT_VERSION = 1;
				DEVELOPMENT_TEAM = 8ZKGWK9RWB;
				GENERATE_INFOPLIST_FILE = YES;
				IPHONEOS_DEPLOYMENT_TARGET = 18.0;
				MARKETING_VERSION = 1.0;
				PRODUCT_BUNDLE_IDENTIFIER = com.tomasbabulak.SportTrackTests;
				PRODUCT_NAME = "$(TARGET_NAME)";
				SWIFT_EMIT_LOC_STRINGS = NO;
				SWIFT_VERSION = 5.0;
				TARGETED_DEVICE_FAMILY = "1,2";
				TEST_HOST = "$(BUILT_PRODUCTS_DIR)/SportTrack.app/$(BUNDLE_EXECUTABLE_FOLDER_PATH)/SportTrack";
			};
			name = Debug;
		};
		B9D6AB4A2CAAD75900859087 /* Release */ = {
			isa = XCBuildConfiguration;
			buildSettings = {
				BUNDLE_LOADER = "$(TEST_HOST)";
				CODE_SIGN_STYLE = Automatic;
				CURRENT_PROJECT_VERSION = 1;
				DEVELOPMENT_TEAM = 8ZKGWK9RWB;
				GENERATE_INFOPLIST_FILE = YES;
				IPHONEOS_DEPLOYMENT_TARGET = 18.0;
				MARKETING_VERSION = 1.0;
				PRODUCT_BUNDLE_IDENTIFIER = com.tomasbabulak.SportTrackTests;
				PRODUCT_NAME = "$(TARGET_NAME)";
				SWIFT_EMIT_LOC_STRINGS = NO;
				SWIFT_VERSION = 5.0;
				TARGETED_DEVICE_FAMILY = "1,2";
				TEST_HOST = "$(BUILT_PRODUCTS_DIR)/SportTrack.app/$(BUNDLE_EXECUTABLE_FOLDER_PATH)/SportTrack";
			};
			name = Release;
		};
		B9D6AB4C2CAAD75900859087 /* Debug */ = {
			isa = XCBuildConfiguration;
			buildSettings = {
				CODE_SIGN_STYLE = Automatic;
				CURRENT_PROJECT_VERSION = 1;
				DEVELOPMENT_TEAM = 8ZKGWK9RWB;
				GENERATE_INFOPLIST_FILE = YES;
				MARKETING_VERSION = 1.0;
				PRODUCT_BUNDLE_IDENTIFIER = com.tomasbabulak.SportTrackUITests;
				PRODUCT_NAME = "$(TARGET_NAME)";
				SWIFT_EMIT_LOC_STRINGS = NO;
				SWIFT_VERSION = 5.0;
				TARGETED_DEVICE_FAMILY = "1,2";
				TEST_TARGET_NAME = SportTrack;
			};
			name = Debug;
		};
		B9D6AB4D2CAAD75900859087 /* Release */ = {
			isa = XCBuildConfiguration;
			buildSettings = {
				CODE_SIGN_STYLE = Automatic;
				CURRENT_PROJECT_VERSION = 1;
				DEVELOPMENT_TEAM = 8ZKGWK9RWB;
				GENERATE_INFOPLIST_FILE = YES;
				MARKETING_VERSION = 1.0;
				PRODUCT_BUNDLE_IDENTIFIER = com.tomasbabulak.SportTrackUITests;
				PRODUCT_NAME = "$(TARGET_NAME)";
				SWIFT_EMIT_LOC_STRINGS = NO;
				SWIFT_VERSION = 5.0;
				TARGETED_DEVICE_FAMILY = "1,2";
				TEST_TARGET_NAME = SportTrack;
			};
			name = Release;
		};
/* End XCBuildConfiguration section */

/* Begin XCConfigurationList section */
		B9D6AB1A2CAAD75700859087 /* Build configuration list for PBXProject "SportTrack" */ = {
			isa = XCConfigurationList;
			buildConfigurations = (
				B9D6AB432CAAD75900859087 /* Debug */,
				B9D6AB442CAAD75900859087 /* Release */,
			);
			defaultConfigurationIsVisible = 0;
			defaultConfigurationName = Release;
		};
		B9D6AB452CAAD75900859087 /* Build configuration list for PBXNativeTarget "SportTrack" */ = {
			isa = XCConfigurationList;
			buildConfigurations = (
				B9D6AB462CAAD75900859087 /* Debug */,
				B9D6AB472CAAD75900859087 /* Release */,
			);
			defaultConfigurationIsVisible = 0;
			defaultConfigurationName = Release;
		};
		B9D6AB482CAAD75900859087 /* Build configuration list for PBXNativeTarget "SportTrackTests" */ = {
			isa = XCConfigurationList;
			buildConfigurations = (
				B9D6AB492CAAD75900859087 /* Debug */,
				B9D6AB4A2CAAD75900859087 /* Release */,
			);
			defaultConfigurationIsVisible = 0;
			defaultConfigurationName = Release;
		};
		B9D6AB4B2CAAD75900859087 /* Build configuration list for PBXNativeTarget "SportTrackUITests" */ = {
			isa = XCConfigurationList;
			buildConfigurations = (
				B9D6AB4C2CAAD75900859087 /* Debug */,
				B9D6AB4D2CAAD75900859087 /* Release */,
			);
			defaultConfigurationIsVisible = 0;
			defaultConfigurationName = Release;
		};
/* End XCConfigurationList section */

/* Begin XCRemoteSwiftPackageReference section */
		B9D5B5852CAC446300C1AAB7 /* XCRemoteSwiftPackageReference "swift-dependencies" */ = {
			isa = XCRemoteSwiftPackageReference;
			repositoryURL = "https://github.com/pointfreeco/swift-dependencies";
			requirement = {
				kind = upToNextMajorVersion;
				minimumVersion = 1.4.1;
			};
		};
		B9D5B5882CAC448600C1AAB7 /* XCRemoteSwiftPackageReference "firebase-ios-sdk" */ = {
			isa = XCRemoteSwiftPackageReference;
			repositoryURL = "https://github.com/firebase/firebase-ios-sdk";
			requirement = {
				kind = upToNextMajorVersion;
				minimumVersion = 11.3.0;
			};
		};
		B9D6AB6B2CAB027C00859087 /* XCRemoteSwiftPackageReference "swift-navigation" */ = {
			isa = XCRemoteSwiftPackageReference;
			repositoryURL = "https://github.com/pointfreeco/swift-navigation";
			requirement = {
				kind = upToNextMajorVersion;
				minimumVersion = 2.2.1;
			};
		};
/* End XCRemoteSwiftPackageReference section */

/* Begin XCSwiftPackageProductDependency section */
		B9D5B5862CAC446300C1AAB7 /* Dependencies */ = {
			isa = XCSwiftPackageProductDependency;
			package = B9D5B5852CAC446300C1AAB7 /* XCRemoteSwiftPackageReference "swift-dependencies" */;
			productName = Dependencies;
		};
		B9D5B5892CAC448600C1AAB7 /* FirebaseFirestore */ = {
			isa = XCSwiftPackageProductDependency;
			package = B9D5B5882CAC448600C1AAB7 /* XCRemoteSwiftPackageReference "firebase-ios-sdk" */;
			productName = FirebaseFirestore;
		};
		B9D6AB6C2CAB027C00859087 /* SwiftNavigation */ = {
			isa = XCSwiftPackageProductDependency;
			package = B9D6AB6B2CAB027C00859087 /* XCRemoteSwiftPackageReference "swift-navigation" */;
			productName = SwiftNavigation;
		};
		B9D6AB6E2CAB027C00859087 /* SwiftUINavigation */ = {
			isa = XCSwiftPackageProductDependency;
			package = B9D6AB6B2CAB027C00859087 /* XCRemoteSwiftPackageReference "swift-navigation" */;
			productName = SwiftUINavigation;
		};
/* End XCSwiftPackageProductDependency section */
	};
	rootObject = B9D6AB172CAAD75700859087 /* Project object */;
}
